
Microsoft Visual Studio Solution File, Format Version 12.00
# Visual Studio Version 16
VisualStudioVersion = 16.0.30011.22
MinimumVisualStudioVersion = 10.0.40219.1
Project("{8BC9CEB8-8B4A-11D0-8D11-00A0C91BC942}") = "Game", "Game\Game.vcxproj", "{DCB1C2A5-CC45-4144-8284-7047C99A94DE}"
EndProject
Global
	GlobalSection(SolutionConfigurationPlatforms) = preSolution
		Debug|x64 = Debug|x64
		Debug|x86 = Debug|x86
		Release|x64 = Release|x64
		Release|x86 = Release|x86
		ReleseWithoutConsole|x64 = ReleseWithoutConsole|x64
		ReleseWithoutConsole|x86 = ReleseWithoutConsole|x86
	EndGlobalSection
	GlobalSection(ProjectConfigurationPlatforms) = postSolution
		{DCB1C2A5-CC45-4144-8284-7047C99A94DE}.Debug|x64.ActiveCfg = Debug|x64
		{DCB1C2A5-CC45-4144-8284-7047C99A94DE}.Debug|x64.Build.0 = Debug|x64
		{DCB1C2A5-CC45-4144-8284-7047C99A94DE}.Debug|x86.ActiveCfg = Debug|Win32
		{DCB1C2A5-CC45-4144-8284-7047C99A94DE}.Debug|x86.Build.0 = Debug|Win32
		{DCB1C2A5-CC45-4144-8284-7047C99A94DE}.Release|x64.ActiveCfg = Release|x64
		{DCB1C2A5-CC45-4144-8284-7047C99A94DE}.Release|x64.Build.0 = Release|x64
		{DCB1C2A5-CC45-4144-8284-7047C99A94DE}.Release|x86.ActiveCfg = Release|Win32
		{DCB1C2A5-CC45-4144-8284-7047C99A94DE}.Release|x86.Build.0 = Release|Win32
		{DCB1C2A5-CC45-4144-8284-7047C99A94DE}.ReleseWithoutConsole|x64.ActiveCfg = ReleseWithoutConsole|x64
		{DCB1C2A5-CC45-4144-8284-7047C99A94DE}.ReleseWithoutConsole|x64.Build.0 = ReleseWithoutConsole|x64
		{DCB1C2A5-CC45-4144-8284-7047C99A94DE}.ReleseWithoutConsole|x86.ActiveCfg = ReleseWithoutConsole|Win32
		{DCB1C2A5-CC45-4144-8284-7047C99A94DE}.ReleseWithoutConsole|x86.Build.0 = ReleseWithoutConsole|Win32
	EndGlobalSection
	GlobalSection(SolutionProperties) = preSolution
		HideSolutionNode = FALSE
	EndGlobalSection
	GlobalSection(ExtensibilityGlobals) = postSolution
		SolutionGuid = {A6F82BBB-747C-4542-A416-5F0CEFB60A08}
	EndGlobalSection
EndGlobal
